
Microsoft Visual Studio Solution File, Format Version 12.00
# Visual Studio 15
VisualStudioVersion = 15.0.28307.168
MinimumVisualStudioVersion = 10.0.40219.1
Project("{FAE04EC0-301F-11D3-BF4B-00C04F79EFBC}") = "daemonTools Direct Links Finder", "daemonTools Direct Links Finder\daemonTools Direct Links Finder.csproj", "{41E81E26-B934-4812-B784-7105D8796097}"
EndProject
Global
	GlobalSection(SolutionConfigurationPlatforms) = preSolution
		Debug|Any CPU = Debug|Any CPU
		Release|Any CPU = Release|Any CPU
	EndGlobalSection
	GlobalSection(ProjectConfigurationPlatforms) = postSolution
		{41E81E26-B934-4812-B784-7105D8796097}.Debug|Any CPU.ActiveCfg = Debug|Any CPU
		{41E81E26-B934-4812-B784-7105D8796097}.Debug|Any CPU.Build.0 = Debug|Any CPU
		{41E81E26-B934-4812-B784-7105D8796097}.Release|Any CPU.ActiveCfg = Release|Any CPU
		{41E81E26-B934-4812-B784-7105D8796097}.Release|Any CPU.Build.0 = Release|Any CPU
	EndGlobalSection
	GlobalSection(SolutionProperties) = preSolution
		HideSolutionNode = FALSE
	EndGlobalSection
	GlobalSection(ExtensibilityGlobals) = postSolution
		SolutionGuid = {CEC994F4-4848-454C-883B-EF09883A7BE0}
	EndGlobalSection
EndGlobal
